// !$*UTF8*$!
{
	archiveVersion = 1;
	classes = {
	};
	objectVersion = 46;
	objects = {

/* Begin PBXBuildFile section */
		0DAB11F41CD7F6CA00DC7103 /* main.m in Sources */ = {isa = PBXBuildFile; fileRef = 0DAB11F31CD7F6CA00DC7103 /* main.m */; };
		0DAB11F71CD7F6CA00DC7103 /* AppDelegate.m in Sources */ = {isa = PBXBuildFile; fileRef = 0DAB11F61CD7F6CA00DC7103 /* AppDelegate.m */; };
		0DAB11FA1CD7F6CA00DC7103 /* ViewController.m in Sources */ = {isa = PBXBuildFile; fileRef = 0DAB11F91CD7F6CA00DC7103 /* ViewController.m */; };
		0DAB11FD1CD7F6CA00DC7103 /* Main.storyboard in Resources */ = {isa = PBXBuildFile; fileRef = 0DAB11FB1CD7F6CA00DC7103 /* Main.storyboard */; };
		0DAB12001CD7F6CA00DC7103 /* ZaragozaBusInfo.xcdatamodeld in Sources */ = {isa = PBXBuildFile; fileRef = 0DAB11FE1CD7F6CA00DC7103 /* ZaragozaBusInfo.xcdatamodeld */; };
		0DAB12021CD7F6CA00DC7103 /* Assets.xcassets in Resources */ = {isa = PBXBuildFile; fileRef = 0DAB12011CD7F6CA00DC7103 /* Assets.xcassets */; };
		0DAB12051CD7F6CA00DC7103 /* LaunchScreen.storyboard in Resources */ = {isa = PBXBuildFile; fileRef = 0DAB12031CD7F6CA00DC7103 /* LaunchScreen.storyboard */; };
		0DAB12101CD7F6CA00DC7103 /* ZaragozaBusInfoTests.m in Sources */ = {isa = PBXBuildFile; fileRef = 0DAB120F1CD7F6CA00DC7103 /* ZaragozaBusInfoTests.m */; };
		0DAB121C1CD7F9CA00DC7103 /* RequestManager.m in Sources */ = {isa = PBXBuildFile; fileRef = 0DAB121B1CD7F9CA00DC7103 /* RequestManager.m */; };
		0DAB122A1CD883E300DC7103 /* BusListCell.m in Sources */ = {isa = PBXBuildFile; fileRef = 0DAB12291CD883E300DC7103 /* BusListCell.m */; };
		0DAB122F1CD9047500DC7103 /* Reachability.m in Sources */ = {isa = PBXBuildFile; fileRef = 0DAB122E1CD9047500DC7103 /* Reachability.m */; };
		0DAB123B1CD90BBF00DC7103 /* AFNetworking in Resources */ = {isa = PBXBuildFile; fileRef = 0DAB12391CD90BBF00DC7103 /* AFNetworking */; };
		0DAB123C1CD90BBF00DC7103 /* UIKit+AFNetworking in Resources */ = {isa = PBXBuildFile; fileRef = 0DAB123A1CD90BBF00DC7103 /* UIKit+AFNetworking */; };
		0DAB12511CD90C1200DC7103 /* AFNetworkActivityIndicatorManager.m in Sources */ = {isa = PBXBuildFile; fileRef = 0DAB12401CD90C1200DC7103 /* AFNetworkActivityIndicatorManager.m */; };
		0DAB12521CD90C1200DC7103 /* UIActivityIndicatorView+AFNetworking.m in Sources */ = {isa = PBXBuildFile; fileRef = 0DAB12421CD90C1200DC7103 /* UIActivityIndicatorView+AFNetworking.m */; };
		0DAB12531CD90C1200DC7103 /* UIAlertView+AFNetworking.m in Sources */ = {isa = PBXBuildFile; fileRef = 0DAB12441CD90C1200DC7103 /* UIAlertView+AFNetworking.m */; };
		0DAB12541CD90C1200DC7103 /* UIButton+AFNetworking.m in Sources */ = {isa = PBXBuildFile; fileRef = 0DAB12461CD90C1200DC7103 /* UIButton+AFNetworking.m */; };
		0DAB12551CD90C1200DC7103 /* UIImageView+AFNetworking.m in Sources */ = {isa = PBXBuildFile; fileRef = 0DAB12491CD90C1200DC7103 /* UIImageView+AFNetworking.m */; };
		0DAB12561CD90C1200DC7103 /* UIProgressView+AFNetworking.m in Sources */ = {isa = PBXBuildFile; fileRef = 0DAB124C1CD90C1200DC7103 /* UIProgressView+AFNetworking.m */; };
		0DAB12571CD90C1200DC7103 /* UIRefreshControl+AFNetworking.m in Sources */ = {isa = PBXBuildFile; fileRef = 0DAB124E1CD90C1200DC7103 /* UIRefreshControl+AFNetworking.m */; };
		0DAB12581CD90C1200DC7103 /* UIWebView+AFNetworking.m in Sources */ = {isa = PBXBuildFile; fileRef = 0DAB12501CD90C1200DC7103 /* UIWebView+AFNetworking.m */; };
		0DAB126C1CD90C2000DC7103 /* AFHTTPRequestOperation.m in Sources */ = {isa = PBXBuildFile; fileRef = 0DAB125A1CD90C2000DC7103 /* AFHTTPRequestOperation.m */; };
		0DAB126D1CD90C2000DC7103 /* AFHTTPRequestOperationManager.m in Sources */ = {isa = PBXBuildFile; fileRef = 0DAB125C1CD90C2000DC7103 /* AFHTTPRequestOperationManager.m */; };
		0DAB126E1CD90C2000DC7103 /* AFHTTPSessionManager.m in Sources */ = {isa = PBXBuildFile; fileRef = 0DAB125E1CD90C2000DC7103 /* AFHTTPSessionManager.m */; };
		0DAB126F1CD90C2000DC7103 /* AFNetworkReachabilityManager.m in Sources */ = {isa = PBXBuildFile; fileRef = 0DAB12611CD90C2000DC7103 /* AFNetworkReachabilityManager.m */; };
		0DAB12701CD90C2000DC7103 /* AFSecurityPolicy.m in Sources */ = {isa = PBXBuildFile; fileRef = 0DAB12631CD90C2000DC7103 /* AFSecurityPolicy.m */; };
		0DAB12711CD90C2000DC7103 /* AFURLConnectionOperation.m in Sources */ = {isa = PBXBuildFile; fileRef = 0DAB12651CD90C2000DC7103 /* AFURLConnectionOperation.m */; };
		0DAB12721CD90C2000DC7103 /* AFURLRequestSerialization.m in Sources */ = {isa = PBXBuildFile; fileRef = 0DAB12671CD90C2000DC7103 /* AFURLRequestSerialization.m */; };
		0DAB12731CD90C2000DC7103 /* AFURLResponseSerialization.m in Sources */ = {isa = PBXBuildFile; fileRef = 0DAB12691CD90C2000DC7103 /* AFURLResponseSerialization.m */; };
		0DAB12741CD90C2000DC7103 /* AFURLSessionManager.m in Sources */ = {isa = PBXBuildFile; fileRef = 0DAB126B1CD90C2000DC7103 /* AFURLSessionManager.m */; };
		0DAB12771CD91A8500DC7103 /* DetailsViewController.m in Sources */ = {isa = PBXBuildFile; fileRef = 0DAB12761CD91A8500DC7103 /* DetailsViewController.m */; };
/* End PBXBuildFile section */

/* Begin PBXContainerItemProxy section */
		0DAB120C1CD7F6CA00DC7103 /* PBXContainerItemProxy */ = {
			isa = PBXContainerItemProxy;
			containerPortal = 0DAB11E71CD7F6CA00DC7103 /* Project object */;
			proxyType = 1;
			remoteGlobalIDString = 0DAB11EE1CD7F6CA00DC7103;
			remoteInfo = ZaragozaBusInfo;
		};
/* End PBXContainerItemProxy section */

/* Begin PBXFileReference section */
		0DAB11EF1CD7F6CA00DC7103 /* ZaragozaBusInfo.app */ = {isa = PBXFileReference; explicitFileType = wrapper.application; includeInIndex = 0; path = ZaragozaBusInfo.app; sourceTree = BUILT_PRODUCTS_DIR; };
		0DAB11F31CD7F6CA00DC7103 /* main.m */ = {isa = PBXFileReference; lastKnownFileType = sourcecode.c.objc; path = main.m; sourceTree = "<group>"; };
		0DAB11F51CD7F6CA00DC7103 /* AppDelegate.h */ = {isa = PBXFileReference; lastKnownFileType = sourcecode.c.h; path = AppDelegate.h; sourceTree = "<group>"; };
		0DAB11F61CD7F6CA00DC7103 /* AppDelegate.m */ = {isa = PBXFileReference; lastKnownFileType = sourcecode.c.objc; path = AppDelegate.m; sourceTree = "<group>"; };
		0DAB11F81CD7F6CA00DC7103 /* ViewController.h */ = {isa = PBXFileReference; lastKnownFileType = sourcecode.c.h; path = ViewController.h; sourceTree = "<group>"; };
		0DAB11F91CD7F6CA00DC7103 /* ViewController.m */ = {isa = PBXFileReference; lastKnownFileType = sourcecode.c.objc; path = ViewController.m; sourceTree = "<group>"; };
		0DAB11FC1CD7F6CA00DC7103 /* Base */ = {isa = PBXFileReference; lastKnownFileType = file.storyboard; name = Base; path = Base.lproj/Main.storyboard; sourceTree = "<group>"; };
		0DAB11FF1CD7F6CA00DC7103 /* ZaragozaBusInfo.xcdatamodel */ = {isa = PBXFileReference; lastKnownFileType = wrapper.xcdatamodel; path = ZaragozaBusInfo.xcdatamodel; sourceTree = "<group>"; };
		0DAB12011CD7F6CA00DC7103 /* Assets.xcassets */ = {isa = PBXFileReference; lastKnownFileType = folder.assetcatalog; path = Assets.xcassets; sourceTree = "<group>"; };
		0DAB12041CD7F6CA00DC7103 /* Base */ = {isa = PBXFileReference; lastKnownFileType = file.storyboard; name = Base; path = Base.lproj/LaunchScreen.storyboard; sourceTree = "<group>"; };
		0DAB12061CD7F6CA00DC7103 /* Info.plist */ = {isa = PBXFileReference; lastKnownFileType = text.plist.xml; path = Info.plist; sourceTree = "<group>"; };
		0DAB120B1CD7F6CA00DC7103 /* ZaragozaBusInfoTests.xctest */ = {isa = PBXFileReference; explicitFileType = wrapper.cfbundle; includeInIndex = 0; path = ZaragozaBusInfoTests.xctest; sourceTree = BUILT_PRODUCTS_DIR; };
		0DAB120F1CD7F6CA00DC7103 /* ZaragozaBusInfoTests.m */ = {isa = PBXFileReference; lastKnownFileType = sourcecode.c.objc; path = ZaragozaBusInfoTests.m; sourceTree = "<group>"; };
		0DAB12111CD7F6CA00DC7103 /* Info.plist */ = {isa = PBXFileReference; lastKnownFileType = text.plist.xml; path = Info.plist; sourceTree = "<group>"; };
		0DAB121A1CD7F9CA00DC7103 /* RequestManager.h */ = {isa = PBXFileReference; fileEncoding = 4; lastKnownFileType = sourcecode.c.h; path = RequestManager.h; sourceTree = "<group>"; };
		0DAB121B1CD7F9CA00DC7103 /* RequestManager.m */ = {isa = PBXFileReference; fileEncoding = 4; lastKnownFileType = sourcecode.c.objc; path = RequestManager.m; sourceTree = "<group>"; };
		0DAB12221CD7FCF700DC7103 /* Constants.h */ = {isa = PBXFileReference; lastKnownFileType = sourcecode.c.h; path = Constants.h; sourceTree = "<group>"; };
		0DAB12281CD883E300DC7103 /* BusListCell.h */ = {isa = PBXFileReference; fileEncoding = 4; lastKnownFileType = sourcecode.c.h; path = BusListCell.h; sourceTree = "<group>"; };
		0DAB12291CD883E300DC7103 /* BusListCell.m */ = {isa = PBXFileReference; fileEncoding = 4; lastKnownFileType = sourcecode.c.objc; path = BusListCell.m; sourceTree = "<group>"; };
		0DAB122D1CD9047500DC7103 /* Reachability.h */ = {isa = PBXFileReference; fileEncoding = 4; lastKnownFileType = sourcecode.c.h; path = Reachability.h; sourceTree = "<group>"; };
		0DAB122E1CD9047500DC7103 /* Reachability.m */ = {isa = PBXFileReference; fileEncoding = 4; lastKnownFileType = sourcecode.c.objc; path = Reachability.m; sourceTree = "<group>"; };
		0DAB12391CD90BBF00DC7103 /* AFNetworking */ = {isa = PBXFileReference; lastKnownFileType = folder; name = AFNetworking; path = /Users/rodrigo.s.mulkey/Desktop/Interview/Conichi/ZaragozaBusInfo/ZaragozaBusInfo/ZaragozaBusInfo/AFNetworking; sourceTree = "<absolute>"; };
		0DAB123A1CD90BBF00DC7103 /* UIKit+AFNetworking */ = {isa = PBXFileReference; lastKnownFileType = folder; name = "UIKit+AFNetworking"; path = "/Users/rodrigo.s.mulkey/Desktop/Interview/Conichi/ZaragozaBusInfo/ZaragozaBusInfo/ZaragozaBusInfo/UIKit+AFNetworking"; sourceTree = "<absolute>"; };
		0DAB123F1CD90C1200DC7103 /* AFNetworkActivityIndicatorManager.h */ = {isa = PBXFileReference; fileEncoding = 4; lastKnownFileType = sourcecode.c.h; name = AFNetworkActivityIndicatorManager.h; path = "UIKit+AFNetworking/AFNetworkActivityIndicatorManager.h"; sourceTree = "<group>"; };
		0DAB12401CD90C1200DC7103 /* AFNetworkActivityIndicatorManager.m */ = {isa = PBXFileReference; fileEncoding = 4; lastKnownFileType = sourcecode.c.objc; name = AFNetworkActivityIndicatorManager.m; path = "UIKit+AFNetworking/AFNetworkActivityIndicatorManager.m"; sourceTree = "<group>"; };
		0DAB12411CD90C1200DC7103 /* UIActivityIndicatorView+AFNetworking.h */ = {isa = PBXFileReference; fileEncoding = 4; lastKnownFileType = sourcecode.c.h; name = "UIActivityIndicatorView+AFNetworking.h"; path = "UIKit+AFNetworking/UIActivityIndicatorView+AFNetworking.h"; sourceTree = "<group>"; };
		0DAB12421CD90C1200DC7103 /* UIActivityIndicatorView+AFNetworking.m */ = {isa = PBXFileReference; fileEncoding = 4; lastKnownFileType = sourcecode.c.objc; name = "UIActivityIndicatorView+AFNetworking.m"; path = "UIKit+AFNetworking/UIActivityIndicatorView+AFNetworking.m"; sourceTree = "<group>"; };
		0DAB12431CD90C1200DC7103 /* UIAlertView+AFNetworking.h */ = {isa = PBXFileReference; fileEncoding = 4; lastKnownFileType = sourcecode.c.h; name = "UIAlertView+AFNetworking.h"; path = "UIKit+AFNetworking/UIAlertView+AFNetworking.h"; sourceTree = "<group>"; };
		0DAB12441CD90C1200DC7103 /* UIAlertView+AFNetworking.m */ = {isa = PBXFileReference; fileEncoding = 4; lastKnownFileType = sourcecode.c.objc; name = "UIAlertView+AFNetworking.m"; path = "UIKit+AFNetworking/UIAlertView+AFNetworking.m"; sourceTree = "<group>"; };
		0DAB12451CD90C1200DC7103 /* UIButton+AFNetworking.h */ = {isa = PBXFileReference; fileEncoding = 4; lastKnownFileType = sourcecode.c.h; name = "UIButton+AFNetworking.h"; path = "UIKit+AFNetworking/UIButton+AFNetworking.h"; sourceTree = "<group>"; };
		0DAB12461CD90C1200DC7103 /* UIButton+AFNetworking.m */ = {isa = PBXFileReference; fileEncoding = 4; lastKnownFileType = sourcecode.c.objc; name = "UIButton+AFNetworking.m"; path = "UIKit+AFNetworking/UIButton+AFNetworking.m"; sourceTree = "<group>"; };
		0DAB12471CD90C1200DC7103 /* UIImage+AFNetworking.h */ = {isa = PBXFileReference; fileEncoding = 4; lastKnownFileType = sourcecode.c.h; name = "UIImage+AFNetworking.h"; path = "UIKit+AFNetworking/UIImage+AFNetworking.h"; sourceTree = "<group>"; };
		0DAB12481CD90C1200DC7103 /* UIImageView+AFNetworking.h */ = {isa = PBXFileReference; fileEncoding = 4; lastKnownFileType = sourcecode.c.h; name = "UIImageView+AFNetworking.h"; path = "UIKit+AFNetworking/UIImageView+AFNetworking.h"; sourceTree = "<group>"; };
		0DAB12491CD90C1200DC7103 /* UIImageView+AFNetworking.m */ = {isa = PBXFileReference; fileEncoding = 4; lastKnownFileType = sourcecode.c.objc; name = "UIImageView+AFNetworking.m"; path = "UIKit+AFNetworking/UIImageView+AFNetworking.m"; sourceTree = "<group>"; };
		0DAB124A1CD90C1200DC7103 /* UIKit+AFNetworking.h */ = {isa = PBXFileReference; fileEncoding = 4; lastKnownFileType = sourcecode.c.h; name = "UIKit+AFNetworking.h"; path = "UIKit+AFNetworking/UIKit+AFNetworking.h"; sourceTree = "<group>"; };
		0DAB124B1CD90C1200DC7103 /* UIProgressView+AFNetworking.h */ = {isa = PBXFileReference; fileEncoding = 4; lastKnownFileType = sourcecode.c.h; name = "UIProgressView+AFNetworking.h"; path = "UIKit+AFNetworking/UIProgressView+AFNetworking.h"; sourceTree = "<group>"; };
		0DAB124C1CD90C1200DC7103 /* UIProgressView+AFNetworking.m */ = {isa = PBXFileReference; fileEncoding = 4; lastKnownFileType = sourcecode.c.objc; name = "UIProgressView+AFNetworking.m"; path = "UIKit+AFNetworking/UIProgressView+AFNetworking.m"; sourceTree = "<group>"; };
		0DAB124D1CD90C1200DC7103 /* UIRefreshControl+AFNetworking.h */ = {isa = PBXFileReference; fileEncoding = 4; lastKnownFileType = sourcecode.c.h; name = "UIRefreshControl+AFNetworking.h"; path = "UIKit+AFNetworking/UIRefreshControl+AFNetworking.h"; sourceTree = "<group>"; };
		0DAB124E1CD90C1200DC7103 /* UIRefreshControl+AFNetworking.m */ = {isa = PBXFileReference; fileEncoding = 4; lastKnownFileType = sourcecode.c.objc; name = "UIRefreshControl+AFNetworking.m"; path = "UIKit+AFNetworking/UIRefreshControl+AFNetworking.m"; sourceTree = "<group>"; };
		0DAB124F1CD90C1200DC7103 /* UIWebView+AFNetworking.h */ = {isa = PBXFileReference; fileEncoding = 4; lastKnownFileType = sourcecode.c.h; name = "UIWebView+AFNetworking.h"; path = "UIKit+AFNetworking/UIWebView+AFNetworking.h"; sourceTree = "<group>"; };
		0DAB12501CD90C1200DC7103 /* UIWebView+AFNetworking.m */ = {isa = PBXFileReference; fileEncoding = 4; lastKnownFileType = sourcecode.c.objc; name = "UIWebView+AFNetworking.m"; path = "UIKit+AFNetworking/UIWebView+AFNetworking.m"; sourceTree = "<group>"; };
		0DAB12591CD90C2000DC7103 /* AFHTTPRequestOperation.h */ = {isa = PBXFileReference; fileEncoding = 4; lastKnownFileType = sourcecode.c.h; name = AFHTTPRequestOperation.h; path = AFNetworking/AFHTTPRequestOperation.h; sourceTree = "<group>"; };
		0DAB125A1CD90C2000DC7103 /* AFHTTPRequestOperation.m */ = {isa = PBXFileReference; fileEncoding = 4; lastKnownFileType = sourcecode.c.objc; name = AFHTTPRequestOperation.m; path = AFNetworking/AFHTTPRequestOperation.m; sourceTree = "<group>"; };
		0DAB125B1CD90C2000DC7103 /* AFHTTPRequestOperationManager.h */ = {isa = PBXFileReference; fileEncoding = 4; lastKnownFileType = sourcecode.c.h; name = AFHTTPRequestOperationManager.h; path = AFNetworking/AFHTTPRequestOperationManager.h; sourceTree = "<group>"; };
		0DAB125C1CD90C2000DC7103 /* AFHTTPRequestOperationManager.m */ = {isa = PBXFileReference; fileEncoding = 4; lastKnownFileType = sourcecode.c.objc; name = AFHTTPRequestOperationManager.m; path = AFNetworking/AFHTTPRequestOperationManager.m; sourceTree = "<group>"; };
		0DAB125D1CD90C2000DC7103 /* AFHTTPSessionManager.h */ = {isa = PBXFileReference; fileEncoding = 4; lastKnownFileType = sourcecode.c.h; name = AFHTTPSessionManager.h; path = AFNetworking/AFHTTPSessionManager.h; sourceTree = "<group>"; };
		0DAB125E1CD90C2000DC7103 /* AFHTTPSessionManager.m */ = {isa = PBXFileReference; fileEncoding = 4; lastKnownFileType = sourcecode.c.objc; name = AFHTTPSessionManager.m; path = AFNetworking/AFHTTPSessionManager.m; sourceTree = "<group>"; };
		0DAB125F1CD90C2000DC7103 /* AFNetworking.h */ = {isa = PBXFileReference; fileEncoding = 4; lastKnownFileType = sourcecode.c.h; name = AFNetworking.h; path = AFNetworking/AFNetworking.h; sourceTree = "<group>"; };
		0DAB12601CD90C2000DC7103 /* AFNetworkReachabilityManager.h */ = {isa = PBXFileReference; fileEncoding = 4; lastKnownFileType = sourcecode.c.h; name = AFNetworkReachabilityManager.h; path = AFNetworking/AFNetworkReachabilityManager.h; sourceTree = "<group>"; };
		0DAB12611CD90C2000DC7103 /* AFNetworkReachabilityManager.m */ = {isa = PBXFileReference; fileEncoding = 4; lastKnownFileType = sourcecode.c.objc; name = AFNetworkReachabilityManager.m; path = AFNetworking/AFNetworkReachabilityManager.m; sourceTree = "<group>"; };
		0DAB12621CD90C2000DC7103 /* AFSecurityPolicy.h */ = {isa = PBXFileReference; fileEncoding = 4; lastKnownFileType = sourcecode.c.h; name = AFSecurityPolicy.h; path = AFNetworking/AFSecurityPolicy.h; sourceTree = "<group>"; };
		0DAB12631CD90C2000DC7103 /* AFSecurityPolicy.m */ = {isa = PBXFileReference; fileEncoding = 4; lastKnownFileType = sourcecode.c.objc; name = AFSecurityPolicy.m; path = AFNetworking/AFSecurityPolicy.m; sourceTree = "<group>"; };
		0DAB12641CD90C2000DC7103 /* AFURLConnectionOperation.h */ = {isa = PBXFileReference; fileEncoding = 4; lastKnownFileType = sourcecode.c.h; name = AFURLConnectionOperation.h; path = AFNetworking/AFURLConnectionOperation.h; sourceTree = "<group>"; };
		0DAB12651CD90C2000DC7103 /* AFURLConnectionOperation.m */ = {isa = PBXFileReference; fileEncoding = 4; lastKnownFileType = sourcecode.c.objc; name = AFURLConnectionOperation.m; path = AFNetworking/AFURLConnectionOperation.m; sourceTree = "<group>"; };
		0DAB12661CD90C2000DC7103 /* AFURLRequestSerialization.h */ = {isa = PBXFileReference; fileEncoding = 4; lastKnownFileType = sourcecode.c.h; name = AFURLRequestSerialization.h; path = AFNetworking/AFURLRequestSerialization.h; sourceTree = "<group>"; };
		0DAB12671CD90C2000DC7103 /* AFURLRequestSerialization.m */ = {isa = PBXFileReference; fileEncoding = 4; lastKnownFileType = sourcecode.c.objc; name = AFURLRequestSerialization.m; path = AFNetworking/AFURLRequestSerialization.m; sourceTree = "<group>"; };
		0DAB12681CD90C2000DC7103 /* AFURLResponseSerialization.h */ = {isa = PBXFileReference; fileEncoding = 4; lastKnownFileType = sourcecode.c.h; name = AFURLResponseSerialization.h; path = AFNetworking/AFURLResponseSerialization.h; sourceTree = "<group>"; };
		0DAB12691CD90C2000DC7103 /* AFURLResponseSerialization.m */ = {isa = PBXFileReference; fileEncoding = 4; lastKnownFileType = sourcecode.c.objc; name = AFURLResponseSerialization.m; path = AFNetworking/AFURLResponseSerialization.m; sourceTree = "<group>"; };
		0DAB126A1CD90C2000DC7103 /* AFURLSessionManager.h */ = {isa = PBXFileReference; fileEncoding = 4; lastKnownFileType = sourcecode.c.h; name = AFURLSessionManager.h; path = AFNetworking/AFURLSessionManager.h; sourceTree = "<group>"; };
		0DAB126B1CD90C2000DC7103 /* AFURLSessionManager.m */ = {isa = PBXFileReference; fileEncoding = 4; lastKnownFileType = sourcecode.c.objc; name = AFURLSessionManager.m; path = AFNetworking/AFURLSessionManager.m; sourceTree = "<group>"; };
		0DAB12751CD91A8500DC7103 /* DetailsViewController.h */ = {isa = PBXFileReference; fileEncoding = 4; lastKnownFileType = sourcecode.c.h; path = DetailsViewController.h; sourceTree = "<group>"; };
		0DAB12761CD91A8500DC7103 /* DetailsViewController.m */ = {isa = PBXFileReference; fileEncoding = 4; lastKnownFileType = sourcecode.c.objc; path = DetailsViewController.m; sourceTree = "<group>"; };
/* End PBXFileReference section */

/* Begin PBXFrameworksBuildPhase section */
		0DAB11EC1CD7F6CA00DC7103 /* Frameworks */ = {
			isa = PBXFrameworksBuildPhase;
			buildActionMask = 2147483647;
			files = (
			);
			runOnlyForDeploymentPostprocessing = 0;
		};
		0DAB12081CD7F6CA00DC7103 /* Frameworks */ = {
			isa = PBXFrameworksBuildPhase;
			buildActionMask = 2147483647;
			files = (
			);
			runOnlyForDeploymentPostprocessing = 0;
		};
/* End PBXFrameworksBuildPhase section */

/* Begin PBXGroup section */
		0DAB11E61CD7F6CA00DC7103 = {
			isa = PBXGroup;
			children = (
				0DAB11F11CD7F6CA00DC7103 /* ZaragozaBusInfo */,
				0DAB120E1CD7F6CA00DC7103 /* ZaragozaBusInfoTests */,
				0DAB11F01CD7F6CA00DC7103 /* Products */,
			);
			sourceTree = "<group>";
		};
		0DAB11F01CD7F6CA00DC7103 /* Products */ = {
			isa = PBXGroup;
			children = (
				0DAB11EF1CD7F6CA00DC7103 /* ZaragozaBusInfo.app */,
				0DAB120B1CD7F6CA00DC7103 /* ZaragozaBusInfoTests.xctest */,
			);
			name = Products;
			sourceTree = "<group>";
		};
		0DAB11F11CD7F6CA00DC7103 /* ZaragozaBusInfo */ = {
			isa = PBXGroup;
			children = (
				0DAB12311CD9064200DC7103 /* Model */,
				0DAB11F81CD7F6CA00DC7103 /* ViewController.h */,
				0DAB11F91CD7F6CA00DC7103 /* ViewController.m */,
				0DAB12751CD91A8500DC7103 /* DetailsViewController.h */,
				0DAB12761CD91A8500DC7103 /* DetailsViewController.m */,
				0DAB12281CD883E300DC7103 /* BusListCell.h */,
				0DAB12291CD883E300DC7103 /* BusListCell.m */,
				0DAB11FB1CD7F6CA00DC7103 /* Main.storyboard */,
				0DAB12301CD9062800DC7103 /* External */,
				0DAB11F21CD7F6CA00DC7103 /* Supporting Files */,
			);
			path = ZaragozaBusInfo;
			sourceTree = "<group>";
		};
		0DAB11F21CD7F6CA00DC7103 /* Supporting Files */ = {
			isa = PBXGroup;
			children = (
				0DAB11F51CD7F6CA00DC7103 /* AppDelegate.h */,
				0DAB11F61CD7F6CA00DC7103 /* AppDelegate.m */,
				0DAB12011CD7F6CA00DC7103 /* Assets.xcassets */,
				0DAB12031CD7F6CA00DC7103 /* LaunchScreen.storyboard */,
				0DAB12061CD7F6CA00DC7103 /* Info.plist */,
				0DAB11FE1CD7F6CA00DC7103 /* ZaragozaBusInfo.xcdatamodeld */,
				0DAB11F31CD7F6CA00DC7103 /* main.m */,
			);
			name = "Supporting Files";
			sourceTree = "<group>";
		};
		0DAB120E1CD7F6CA00DC7103 /* ZaragozaBusInfoTests */ = {
			isa = PBXGroup;
			children = (
				0DAB120F1CD7F6CA00DC7103 /* ZaragozaBusInfoTests.m */,
				0DAB12111CD7F6CA00DC7103 /* Info.plist */,
			);
			path = ZaragozaBusInfoTests;
			sourceTree = "<group>";
		};
		0DAB12301CD9062800DC7103 /* External */ = {
			isa = PBXGroup;
			children = (
				0DAB12361CD90B8E00DC7103 /* AFNetworking */,
				0DAB122D1CD9047500DC7103 /* Reachability.h */,
				0DAB122E1CD9047500DC7103 /* Reachability.m */,
			);
			name = External;
			sourceTree = "<group>";
		};
		0DAB12311CD9064200DC7103 /* Model */ = {
			isa = PBXGroup;
			children = (
				0DAB12221CD7FCF700DC7103 /* Constants.h */,
				0DAB121A1CD7F9CA00DC7103 /* RequestManager.h */,
				0DAB121B1CD7F9CA00DC7103 /* RequestManager.m */,
			);
			name = Model;
			sourceTree = "<group>";
		};
		0DAB12361CD90B8E00DC7103 /* AFNetworking */ = {
			isa = PBXGroup;
			children = (
				0DAB12591CD90C2000DC7103 /* AFHTTPRequestOperation.h */,
				0DAB125A1CD90C2000DC7103 /* AFHTTPRequestOperation.m */,
				0DAB125B1CD90C2000DC7103 /* AFHTTPRequestOperationManager.h */,
				0DAB125C1CD90C2000DC7103 /* AFHTTPRequestOperationManager.m */,
				0DAB125D1CD90C2000DC7103 /* AFHTTPSessionManager.h */,
				0DAB125E1CD90C2000DC7103 /* AFHTTPSessionManager.m */,
				0DAB125F1CD90C2000DC7103 /* AFNetworking.h */,
				0DAB12601CD90C2000DC7103 /* AFNetworkReachabilityManager.h */,
				0DAB12611CD90C2000DC7103 /* AFNetworkReachabilityManager.m */,
				0DAB12621CD90C2000DC7103 /* AFSecurityPolicy.h */,
				0DAB12631CD90C2000DC7103 /* AFSecurityPolicy.m */,
				0DAB12641CD90C2000DC7103 /* AFURLConnectionOperation.h */,
				0DAB12651CD90C2000DC7103 /* AFURLConnectionOperation.m */,
				0DAB12661CD90C2000DC7103 /* AFURLRequestSerialization.h */,
				0DAB12671CD90C2000DC7103 /* AFURLRequestSerialization.m */,
				0DAB12681CD90C2000DC7103 /* AFURLResponseSerialization.h */,
				0DAB12691CD90C2000DC7103 /* AFURLResponseSerialization.m */,
				0DAB126A1CD90C2000DC7103 /* AFURLSessionManager.h */,
				0DAB126B1CD90C2000DC7103 /* AFURLSessionManager.m */,
				0DAB123F1CD90C1200DC7103 /* AFNetworkActivityIndicatorManager.h */,
				0DAB12401CD90C1200DC7103 /* AFNetworkActivityIndicatorManager.m */,
				0DAB12411CD90C1200DC7103 /* UIActivityIndicatorView+AFNetworking.h */,
				0DAB12421CD90C1200DC7103 /* UIActivityIndicatorView+AFNetworking.m */,
				0DAB12431CD90C1200DC7103 /* UIAlertView+AFNetworking.h */,
				0DAB12441CD90C1200DC7103 /* UIAlertView+AFNetworking.m */,
				0DAB12451CD90C1200DC7103 /* UIButton+AFNetworking.h */,
				0DAB12461CD90C1200DC7103 /* UIButton+AFNetworking.m */,
				0DAB12471CD90C1200DC7103 /* UIImage+AFNetworking.h */,
				0DAB12481CD90C1200DC7103 /* UIImageView+AFNetworking.h */,
				0DAB12491CD90C1200DC7103 /* UIImageView+AFNetworking.m */,
				0DAB124A1CD90C1200DC7103 /* UIKit+AFNetworking.h */,
				0DAB124B1CD90C1200DC7103 /* UIProgressView+AFNetworking.h */,
				0DAB124C1CD90C1200DC7103 /* UIProgressView+AFNetworking.m */,
				0DAB124D1CD90C1200DC7103 /* UIRefreshControl+AFNetworking.h */,
				0DAB124E1CD90C1200DC7103 /* UIRefreshControl+AFNetworking.m */,
				0DAB124F1CD90C1200DC7103 /* UIWebView+AFNetworking.h */,
				0DAB12501CD90C1200DC7103 /* UIWebView+AFNetworking.m */,
			);
			name = AFNetworking;
			sourceTree = "<group>";
		};
/* End PBXGroup section */

/* Begin PBXNativeTarget section */
		0DAB11EE1CD7F6CA00DC7103 /* ZaragozaBusInfo */ = {
			isa = PBXNativeTarget;
			buildConfigurationList = 0DAB12141CD7F6CA00DC7103 /* Build configuration list for PBXNativeTarget "ZaragozaBusInfo" */;
			buildPhases = (
				0DAB11EB1CD7F6CA00DC7103 /* Sources */,
				0DAB11EC1CD7F6CA00DC7103 /* Frameworks */,
				0DAB11ED1CD7F6CA00DC7103 /* Resources */,
			);
			buildRules = (
			);
			dependencies = (
			);
			name = ZaragozaBusInfo;
			productName = ZaragozaBusInfo;
			productReference = 0DAB11EF1CD7F6CA00DC7103 /* ZaragozaBusInfo.app */;
			productType = "com.apple.product-type.application";
		};
		0DAB120A1CD7F6CA00DC7103 /* ZaragozaBusInfoTests */ = {
			isa = PBXNativeTarget;
			buildConfigurationList = 0DAB12171CD7F6CA00DC7103 /* Build configuration list for PBXNativeTarget "ZaragozaBusInfoTests" */;
			buildPhases = (
				0DAB12071CD7F6CA00DC7103 /* Sources */,
				0DAB12081CD7F6CA00DC7103 /* Frameworks */,
				0DAB12091CD7F6CA00DC7103 /* Resources */,
			);
			buildRules = (
			);
			dependencies = (
				0DAB120D1CD7F6CA00DC7103 /* PBXTargetDependency */,
			);
			name = ZaragozaBusInfoTests;
			productName = ZaragozaBusInfoTests;
			productReference = 0DAB120B1CD7F6CA00DC7103 /* ZaragozaBusInfoTests.xctest */;
			productType = "com.apple.product-type.bundle.unit-test";
		};
/* End PBXNativeTarget section */

/* Begin PBXProject section */
		0DAB11E71CD7F6CA00DC7103 /* Project object */ = {
			isa = PBXProject;
			attributes = {
				LastUpgradeCheck = 0720;
				ORGANIZATIONNAME = "Mulkey, Rodrigo S.";
				TargetAttributes = {
					0DAB11EE1CD7F6CA00DC7103 = {
						CreatedOnToolsVersion = 7.2;
					};
					0DAB120A1CD7F6CA00DC7103 = {
						CreatedOnToolsVersion = 7.2;
						TestTargetID = 0DAB11EE1CD7F6CA00DC7103;
					};
				};
			};
			buildConfigurationList = 0DAB11EA1CD7F6CA00DC7103 /* Build configuration list for PBXProject "ZaragozaBusInfo" */;
			compatibilityVersion = "Xcode 3.2";
			developmentRegion = English;
			hasScannedForEncodings = 0;
			knownRegions = (
				en,
				Base,
			);
			mainGroup = 0DAB11E61CD7F6CA00DC7103;
			productRefGroup = 0DAB11F01CD7F6CA00DC7103 /* Products */;
			projectDirPath = "";
			projectRoot = "";
			targets = (
				0DAB11EE1CD7F6CA00DC7103 /* ZaragozaBusInfo */,
				0DAB120A1CD7F6CA00DC7103 /* ZaragozaBusInfoTests */,
			);
		};
/* End PBXProject section */

/* Begin PBXResourcesBuildPhase section */
		0DAB11ED1CD7F6CA00DC7103 /* Resources */ = {
			isa = PBXResourcesBuildPhase;
			buildActionMask = 2147483647;
			files = (
				0DAB12051CD7F6CA00DC7103 /* LaunchScreen.storyboard in Resources */,
				0DAB12021CD7F6CA00DC7103 /* Assets.xcassets in Resources */,
				0DAB123C1CD90BBF00DC7103 /* UIKit+AFNetworking in Resources */,
				0DAB11FD1CD7F6CA00DC7103 /* Main.storyboard in Resources */,
				0DAB123B1CD90BBF00DC7103 /* AFNetworking in Resources */,
			);
			runOnlyForDeploymentPostprocessing = 0;
		};
		0DAB12091CD7F6CA00DC7103 /* Resources */ = {
			isa = PBXResourcesBuildPhase;
			buildActionMask = 2147483647;
			files = (
			);
			runOnlyForDeploymentPostprocessing = 0;
		};
/* End PBXResourcesBuildPhase section */

/* Begin PBXSourcesBuildPhase section */
		0DAB11EB1CD7F6CA00DC7103 /* Sources */ = {
			isa = PBXSourcesBuildPhase;
			buildActionMask = 2147483647;
			files = (
				0DAB121C1CD7F9CA00DC7103 /* RequestManager.m in Sources */,
				0DAB11FA1CD7F6CA00DC7103 /* ViewController.m in Sources */,
				0DAB12581CD90C1200DC7103 /* UIWebView+AFNetworking.m in Sources */,
				0DAB126E1CD90C2000DC7103 /* AFHTTPSessionManager.m in Sources */,
				0DAB122A1CD883E300DC7103 /* BusListCell.m in Sources */,
				0DAB126F1CD90C2000DC7103 /* AFNetworkReachabilityManager.m in Sources */,
				0DAB126C1CD90C2000DC7103 /* AFHTTPRequestOperation.m in Sources */,
				0DAB12721CD90C2000DC7103 /* AFURLRequestSerialization.m in Sources */,
				0DAB12711CD90C2000DC7103 /* AFURLConnectionOperation.m in Sources */,
				0DAB12741CD90C2000DC7103 /* AFURLSessionManager.m in Sources */,
				0DAB122F1CD9047500DC7103 /* Reachability.m in Sources */,
				0DAB12531CD90C1200DC7103 /* UIAlertView+AFNetworking.m in Sources */,
				0DAB12541CD90C1200DC7103 /* UIButton+AFNetworking.m in Sources */,
				0DAB12511CD90C1200DC7103 /* AFNetworkActivityIndicatorManager.m in Sources */,
				0DAB12551CD90C1200DC7103 /* UIImageView+AFNetworking.m in Sources */,
				0DAB12571CD90C1200DC7103 /* UIRefreshControl+AFNetworking.m in Sources */,
				0DAB12771CD91A8500DC7103 /* DetailsViewController.m in Sources */,
				0DAB12001CD7F6CA00DC7103 /* ZaragozaBusInfo.xcdatamodeld in Sources */,
				0DAB12521CD90C1200DC7103 /* UIActivityIndicatorView+AFNetworking.m in Sources */,
				0DAB11F71CD7F6CA00DC7103 /* AppDelegate.m in Sources */,
				0DAB12701CD90C2000DC7103 /* AFSecurityPolicy.m in Sources */,
				0DAB11F41CD7F6CA00DC7103 /* main.m in Sources */,
				0DAB126D1CD90C2000DC7103 /* AFHTTPRequestOperationManager.m in Sources */,
				0DAB12561CD90C1200DC7103 /* UIProgressView+AFNetworking.m in Sources */,
				0DAB12731CD90C2000DC7103 /* AFURLResponseSerialization.m in Sources */,
			);
			runOnlyForDeploymentPostprocessing = 0;
		};
		0DAB12071CD7F6CA00DC7103 /* Sources */ = {
			isa = PBXSourcesBuildPhase;
			buildActionMask = 2147483647;
			files = (
				0DAB12101CD7F6CA00DC7103 /* ZaragozaBusInfoTests.m in Sources */,
			);
			runOnlyForDeploymentPostprocessing = 0;
		};
/* End PBXSourcesBuildPhase section */

/* Begin PBXTargetDependency section */
		0DAB120D1CD7F6CA00DC7103 /* PBXTargetDependency */ = {
			isa = PBXTargetDependency;
			target = 0DAB11EE1CD7F6CA00DC7103 /* ZaragozaBusInfo */;
			targetProxy = 0DAB120C1CD7F6CA00DC7103 /* PBXContainerItemProxy */;
		};
/* End PBXTargetDependency section */

/* Begin PBXVariantGroup section */
		0DAB11FB1CD7F6CA00DC7103 /* Main.storyboard */ = {
			isa = PBXVariantGroup;
			children = (
				0DAB11FC1CD7F6CA00DC7103 /* Base */,
			);
			name = Main.storyboard;
			sourceTree = "<group>";
		};
		0DAB12031CD7F6CA00DC7103 /* LaunchScreen.storyboard */ = {
			isa = PBXVariantGroup;
			children = (
				0DAB12041CD7F6CA00DC7103 /* Base */,
			);
			name = LaunchScreen.storyboard;
			sourceTree = "<group>";
		};
/* End PBXVariantGroup section */

/* Begin XCBuildConfiguration section */
		0DAB12121CD7F6CA00DC7103 /* Debug */ = {
			isa = XCBuildConfiguration;
			buildSettings = {
				ALWAYS_SEARCH_USER_PATHS = NO;
				CLANG_CXX_LANGUAGE_STANDARD = "gnu++0x";
				CLANG_CXX_LIBRARY = "libc++";
				CLANG_ENABLE_MODULES = YES;
				CLANG_ENABLE_OBJC_ARC = YES;
				CLANG_WARN_BOOL_CONVERSION = YES;
				CLANG_WARN_CONSTANT_CONVERSION = YES;
				CLANG_WARN_DIRECT_OBJC_ISA_USAGE = YES_ERROR;
				CLANG_WARN_EMPTY_BODY = YES;
				CLANG_WARN_ENUM_CONVERSION = YES;
				CLANG_WARN_INT_CONVERSION = YES;
				CLANG_WARN_OBJC_ROOT_CLASS = YES_ERROR;
				CLANG_WARN_UNREACHABLE_CODE = YES;
				CLANG_WARN__DUPLICATE_METHOD_MATCH = YES;
				"CODE_SIGN_IDENTITY[sdk=iphoneos*]" = "iPhone Developer";
				COPY_PHASE_STRIP = NO;
				DEBUG_INFORMATION_FORMAT = dwarf;
				ENABLE_STRICT_OBJC_MSGSEND = YES;
				ENABLE_TESTABILITY = YES;
				GCC_C_LANGUAGE_STANDARD = gnu99;
				GCC_DYNAMIC_NO_PIC = NO;
				GCC_NO_COMMON_BLOCKS = YES;
				GCC_OPTIMIZATION_LEVEL = 0;
				GCC_PREPROCESSOR_DEFINITIONS = (
					"DEBUG=1",
					"$(inherited)",
				);
				GCC_WARN_64_TO_32_BIT_CONVERSION = YES;
				GCC_WARN_ABOUT_RETURN_TYPE = YES_ERROR;
				GCC_WARN_UNDECLARED_SELECTOR = YES;
				GCC_WARN_UNINITIALIZED_AUTOS = YES_AGGRESSIVE;
				GCC_WARN_UNUSED_FUNCTION = YES;
				GCC_WARN_UNUSED_VARIABLE = YES;
				IPHONEOS_DEPLOYMENT_TARGET = 9.2;
				MTL_ENABLE_DEBUG_INFO = YES;
				ONLY_ACTIVE_ARCH = YES;
				SDKROOT = iphoneos;
			};
			name = Debug;
		};
		0DAB12131CD7F6CA00DC7103 /* Release */ = {
			isa = XCBuildConfiguration;
			buildSettings = {
				ALWAYS_SEARCH_USER_PATHS = NO;
				CLANG_CXX_LANGUAGE_STANDARD = "gnu++0x";
				CLANG_CXX_LIBRARY = "libc++";
				CLANG_ENABLE_MODULES = YES;
				CLANG_ENABLE_OBJC_ARC = YES;
				CLANG_WARN_BOOL_CONVERSION = YES;
				CLANG_WARN_CONSTANT_CONVERSION = YES;
				CLANG_WARN_DIRECT_OBJC_ISA_USAGE = YES_ERROR;
				CLANG_WARN_EMPTY_BODY = YES;
				CLANG_WARN_ENUM_CONVERSION = YES;
				CLANG_WARN_INT_CONVERSION = YES;
				CLANG_WARN_OBJC_ROOT_CLASS = YES_ERROR;
				CLANG_WARN_UNREACHABLE_CODE = YES;
				CLANG_WARN__DUPLICATE_METHOD_MATCH = YES;
				"CODE_SIGN_IDENTITY[sdk=iphoneos*]" = "iPhone Developer";
				COPY_PHASE_STRIP = NO;
				DEBUG_INFORMATION_FORMAT = "dwarf-with-dsym";
				ENABLE_NS_ASSERTIONS = NO;
				ENABLE_STRICT_OBJC_MSGSEND = YES;
				GCC_C_LANGUAGE_STANDARD = gnu99;
				GCC_NO_COMMON_BLOCKS = YES;
				GCC_WARN_64_TO_32_BIT_CONVERSION = YES;
				GCC_WARN_ABOUT_RETURN_TYPE = YES_ERROR;
				GCC_WARN_UNDECLARED_SELECTOR = YES;
				GCC_WARN_UNINITIALIZED_AUTOS = YES_AGGRESSIVE;
				GCC_WARN_UNUSED_FUNCTION = YES;
				GCC_WARN_UNUSED_VARIABLE = YES;
				IPHONEOS_DEPLOYMENT_TARGET = 9.2;
				MTL_ENABLE_DEBUG_INFO = NO;
				SDKROOT = iphoneos;
				VALIDATE_PRODUCT = YES;
			};
			name = Release;
		};
		0DAB12151CD7F6CA00DC7103 /* Debug */ = {
			isa = XCBuildConfiguration;
			buildSettings = {
				ASSETCATALOG_COMPILER_APPICON_NAME = AppIcon;
				INFOPLIST_FILE = ZaragozaBusInfo/Info.plist;
				LD_RUNPATH_SEARCH_PATHS = "$(inherited) @executable_path/Frameworks";
				PRODUCT_BUNDLE_IDENTIFIER = mulkey.ZaragozaBusInfo;
				PRODUCT_NAME = "$(TARGET_NAME)";
			};
			name = Debug;
		};
		0DAB12161CD7F6CA00DC7103 /* Release */ = {
			isa = XCBuildConfiguration;
			buildSettings = {
				ASSETCATALOG_COMPILER_APPICON_NAME = AppIcon;
				INFOPLIST_FILE = ZaragozaBusInfo/Info.plist;
				LD_RUNPATH_SEARCH_PATHS = "$(inherited) @executable_path/Frameworks";
				PRODUCT_BUNDLE_IDENTIFIER = mulkey.ZaragozaBusInfo;
				PRODUCT_NAME = "$(TARGET_NAME)";
			};
			name = Release;
		};
		0DAB12181CD7F6CA00DC7103 /* Debug */ = {
			isa = XCBuildConfiguration;
			buildSettings = {
				BUNDLE_LOADER = "$(TEST_HOST)";
				INFOPLIST_FILE = ZaragozaBusInfoTests/Info.plist;
				LD_RUNPATH_SEARCH_PATHS = "$(inherited) @executable_path/Frameworks @loader_path/Frameworks";
				PRODUCT_BUNDLE_IDENTIFIER = mulkey.ZaragozaBusInfoTests;
				PRODUCT_NAME = "$(TARGET_NAME)";
				TEST_HOST = "$(BUILT_PRODUCTS_DIR)/ZaragozaBusInfo.app/ZaragozaBusInfo";
			};
			name = Debug;
		};
		0DAB12191CD7F6CA00DC7103 /* Release */ = {
			isa = XCBuildConfiguration;
			buildSettings = {
				BUNDLE_LOADER = "$(TEST_HOST)";
				INFOPLIST_FILE = ZaragozaBusInfoTests/Info.plist;
				LD_RUNPATH_SEARCH_PATHS = "$(inherited) @executable_path/Frameworks @loader_path/Frameworks";
				PRODUCT_BUNDLE_IDENTIFIER = mulkey.ZaragozaBusInfoTests;
				PRODUCT_NAME = "$(TARGET_NAME)";
				TEST_HOST = "$(BUILT_PRODUCTS_DIR)/ZaragozaBusInfo.app/ZaragozaBusInfo";
			};
			name = Release;
		};
/* End XCBuildConfiguration section */

/* Begin XCConfigurationList section */
		0DAB11EA1CD7F6CA00DC7103 /* Build configuration list for PBXProject "ZaragozaBusInfo" */ = {
			isa = XCConfigurationList;
			buildConfigurations = (
				0DAB12121CD7F6CA00DC7103 /* Debug */,
				0DAB12131CD7F6CA00DC7103 /* Release */,
			);
			defaultConfigurationIsVisible = 0;
			defaultConfigurationName = Release;
		};
		0DAB12141CD7F6CA00DC7103 /* Build configuration list for PBXNativeTarget "ZaragozaBusInfo" */ = {
			isa = XCConfigurationList;
			buildConfigurations = (
				0DAB12151CD7F6CA00DC7103 /* Debug */,
				0DAB12161CD7F6CA00DC7103 /* Release */,
			);
			defaultConfigurationIsVisible = 0;
		};
		0DAB12171CD7F6CA00DC7103 /* Build configuration list for PBXNativeTarget "ZaragozaBusInfoTests" */ = {
			isa = XCConfigurationList;
			buildConfigurations = (
				0DAB12181CD7F6CA00DC7103 /* Debug */,
				0DAB12191CD7F6CA00DC7103 /* Release */,
			);
			defaultConfigurationIsVisible = 0;
		};
/* End XCConfigurationList section */

/* Begin XCVersionGroup section */
		0DAB11FE1CD7F6CA00DC7103 /* ZaragozaBusInfo.xcdatamodeld */ = {
			isa = XCVersionGroup;
			children = (
				0DAB11FF1CD7F6CA00DC7103 /* ZaragozaBusInfo.xcdatamodel */,
			);
			currentVersion = 0DAB11FF1CD7F6CA00DC7103 /* ZaragozaBusInfo.xcdatamodel */;
			path = ZaragozaBusInfo.xcdatamodeld;
			sourceTree = "<group>";
			versionGroupType = wrapper.xcdatamodel;
		};
/* End XCVersionGroup section */
	};
	rootObject = 0DAB11E71CD7F6CA00DC7103 /* Project object */;
}
